
Microsoft Visual Studio Solution File, Format Version 12.00
# Visual Studio 14
VisualStudioVersion = 14.0.25420.1
MinimumVisualStudioVersion = 10.0.40219.1
Project("{FAE04EC0-301F-11D3-BF4B-00C04F79EFBC}") = "QueryableProjector", "QueryableProjector\QueryableProjector.csproj", "{72691BF7-382C-4135-9137-3902D62F4BBB}"
EndProject
Project("{FAE04EC0-301F-11D3-BF4B-00C04F79EFBC}") = "QueryableProjector.Tests", "QueryableProjector.Tests\QueryableProjector.Tests.csproj", "{25277CFD-95DD-454D-A313-5C604674BEC1}"
EndProject
Global
	GlobalSection(SolutionConfigurationPlatforms) = preSolution
		Debug|Any CPU = Debug|Any CPU
		Release|Any CPU = Release|Any CPU
	EndGlobalSection
	GlobalSection(ProjectConfigurationPlatforms) = postSolution
		{72691BF7-382C-4135-9137-3902D62F4BBB}.Debug|Any CPU.ActiveCfg = Debug|Any CPU
		{72691BF7-382C-4135-9137-3902D62F4BBB}.Debug|Any CPU.Build.0 = Debug|Any CPU
		{72691BF7-382C-4135-9137-3902D62F4BBB}.Release|Any CPU.ActiveCfg = Release|Any CPU
		{72691BF7-382C-4135-9137-3902D62F4BBB}.Release|Any CPU.Build.0 = Release|Any CPU
		{25277CFD-95DD-454D-A313-5C604674BEC1}.Debug|Any CPU.ActiveCfg = Debug|Any CPU
		{25277CFD-95DD-454D-A313-5C604674BEC1}.Debug|Any CPU.Build.0 = Debug|Any CPU
		{25277CFD-95DD-454D-A313-5C604674BEC1}.Release|Any CPU.ActiveCfg = Release|Any CPU
		{25277CFD-95DD-454D-A313-5C604674BEC1}.Release|Any CPU.Build.0 = Release|Any CPU
	EndGlobalSection
	GlobalSection(SolutionProperties) = preSolution
		HideSolutionNode = FALSE
	EndGlobalSection
EndGlobal
